{
  "version": 4,
  "terraform_version": "1.5.4",
  "serial": 13,
  "lineage": "ca8ae541-b60a-a735-a92f-c10ef219475a",
  "outputs": {},
  "resources": [
    {
      "mode": "managed",
      "type": "local_file",
      "name": "sample_res",
      "provider": "provider[\"registry.terraform.io/hashicorp/local\"]",
      "instances": [
        {
          "schema_version": 0,
          "attributes": {
            "content": "Victor",
            "content_base64": null,
            "content_base64sha256": "bADm/26mvMasEi7DFOsWdJyojwN2Ct+3Gp3mV1J8Y5Y=",
            "content_base64sha512": "EQV4nSwlfQX5uukU/TU9nCllRaKnP9sL0eDLY6EUivFqo6kQ1JTiB68RGYsmM7SXsHZoxm36T+Km4RuiQIhDjA==",
            "content_md5": "82233bce59652cf3cc0eb7a03f3109d1",
            "content_sha1": "b6877f3bc6606b25efb910b73ade3a3021c2892d",
            "content_sha256": "6c00e6ff6ea6bcc6ac122ec314eb16749ca88f03760adfb71a9de657527c6396",
            "content_sha512": "1105789d2c257d05f9bae914fd353d9c296545a2a73fdb0bd1e0cb63a1148af16aa3a910d494e207af11198b2633b497b07668c66dfa4fe2a6e11ba24088438c",
            "directory_permission": "0777",
            "file_permission": "0777",
            "filename": "sample.txt",
            "id": "b6877f3bc6606b25efb910b73ade3a3021c2892d",
            "sensitive_content": null,
            "source": null
          },
          "sensitive_attributes": []
        }
      ]
    }
  ],
  "check_results": null
}
