{
  "version": 4,
  "terraform_version": "1.5.4",
  "serial": 15,
  "lineage": "f6c5732b-361f-f75a-6837-1bc6adfbc2bd",
  "outputs": {},
  "resources": [
    {
      "mode": "managed",
      "type": "google_storage_bucket",
      "name": "GCS2023_2023",
      "provider": "provider[\"registry.terraform.io/hashicorp/google\"]",
      "instances": [
        {
          "schema_version": 0,
          "attributes": {
            "autoclass": [],
            "cors": [],
            "custom_placement_config": [],
            "default_event_based_hold": false,
            "encryption": [],
            "force_destroy": false,
            "id": "terraform-course-entornodesarrollo2023",
            "labels": {
              "dep": "complience",
              "env": "tf_env"
            },
            "lifecycle_rule": [
              {
                "action": [
                  {
                    "storage_class": "COLDLINE",
                    "type": "SetStorageClass"
                  }
                ],
                "condition": [
                  {
                    "age": 5,
                    "created_before": "",
                    "custom_time_before": "",
                    "days_since_custom_time": 0,
                    "days_since_noncurrent_time": 0,
                    "matches_prefix": [],
                    "matches_storage_class": [],
                    "matches_suffix": [],
                    "noncurrent_time_before": "",
                    "num_newer_versions": 0,
                    "with_state": "ANY"
                  }
                ]
              }
            ],
            "location": "US-CENTRAL1",
            "logging": [],
            "name": "terraform-course-entornodesarrollo2023",
            "project": "my-project-terraform-394816",
            "public_access_prevention": "inherited",
            "requester_pays": false,
            "retention_policy": [
              {
                "is_locked": true,
                "retention_period": 864000
              }
            ],
            "self_link": "https://www.googleapis.com/storage/v1/b/terraform-course-entornodesarrollo2023",
            "storage_class": "NEARLINE",
            "timeouts": null,
            "uniform_bucket_level_access": true,
            "url": "gs://terraform-course-entornodesarrollo2023",
            "versioning": [],
            "website": []
          },
          "sensitive_attributes": [],
          "private": "eyJlMmJmYjczMC1lY2FhLTExZTYtOGY4OC0zNDM2M2JjN2M0YzAiOnsiY3JlYXRlIjo2MDAwMDAwMDAwMDAsInJlYWQiOjI0MDAwMDAwMDAwMCwidXBkYXRlIjoyNDAwMDAwMDAwMDB9fQ=="
        }
      ]
    },
    {
      "mode": "managed",
      "type": "google_storage_bucket_object",
      "name": "picture2023",
      "provider": "provider[\"registry.terraform.io/hashicorp/google\"]",
      "instances": [
        {
          "schema_version": 0,
          "attributes": {
            "bucket": "terraform-course-entornodesarrollo2023",
            "cache_control": "",
            "content": null,
            "content_disposition": "",
            "content_encoding": "",
            "content_language": "",
            "content_type": "image/png",
            "crc32c": "XdMvag==",
            "customer_encryption": [],
            "detect_md5hash": "hu2WijOcemev7JFtYhaAEg==",
            "event_based_hold": false,
            "id": "terraform-course-entornodesarrollo2023-f_logo",
            "kms_key_name": "",
            "md5hash": "hu2WijOcemev7JFtYhaAEg==",
            "media_link": "https://storage.googleapis.com/download/storage/v1/b/terraform-course-entornodesarrollo2023/o/f_logo?generation=1691213390847185\u0026alt=media",
            "metadata": {},
            "name": "f_logo",
            "output_name": "f_logo",
            "self_link": "https://www.googleapis.com/storage/v1/b/terraform-course-entornodesarrollo2023/o/f_logo",
            "source": "f.png",
            "storage_class": "NEARLINE",
            "temporary_hold": false,
            "timeouts": null
          },
          "sensitive_attributes": [],
          "private": "eyJlMmJmYjczMC1lY2FhLTExZTYtOGY4OC0zNDM2M2JjN2M0YzAiOnsiY3JlYXRlIjoyNDAwMDAwMDAwMDAsImRlbGV0ZSI6MjQwMDAwMDAwMDAwLCJ1cGRhdGUiOjI0MDAwMDAwMDAwMH19",
          "dependencies": [
            "google_storage_bucket.GCS2023_2023"
          ]
        }
      ]
    }
  ],
  "check_results": null
}
